
Microsoft Visual Studio Solution File, Format Version 11.00
# Visual Studio 2010
Project("{FAE04EC0-301F-11D3-BF4B-00C04F79EFBC}") = "Heston_FFT", "Heston_FFT.csproj", "{30CC6B29-2A57-447F-AFE3-65A6D7D0720A}"
EndProject
Global
	GlobalSection(SolutionConfigurationPlatforms) = preSolution
		Debug|x86 = Debug|x86
		Release|x86 = Release|x86
	EndGlobalSection
	GlobalSection(ProjectConfigurationPlatforms) = postSolution
		{30CC6B29-2A57-447F-AFE3-65A6D7D0720A}.Debug|x86.ActiveCfg = Debug|x86
		{30CC6B29-2A57-447F-AFE3-65A6D7D0720A}.Debug|x86.Build.0 = Debug|x86
		{30CC6B29-2A57-447F-AFE3-65A6D7D0720A}.Release|x86.ActiveCfg = Release|x86
		{30CC6B29-2A57-447F-AFE3-65A6D7D0720A}.Release|x86.Build.0 = Release|x86
	EndGlobalSection
	GlobalSection(SolutionProperties) = preSolution
		HideSolutionNode = FALSE
	EndGlobalSection
EndGlobal
